
Microsoft Visual Studio Solution File, Format Version 12.00
# Visual Studio Version 17
VisualStudioVersion = 17.14.36202.13 d17.14
MinimumVisualStudioVersion = 10.0.40219.1
Project("{FAE04EC0-301F-11D3-BF4B-00C04F79EFBC}") = "HotelAPI", "HotelAPI\HotelAPI.csproj", "{F2FDD885-94A5-43D1-B2A6-AC35545F64D4}"
EndProject
Project("{54A90642-561A-4BB1-A94E-469ADEE60C69}") = "HotelWeb", "HotelWeb\HotelWeb.esproj", "{2A9D6C50-1765-40E3-1F55-5193126DAC70}"
EndProject
Global
	GlobalSection(SolutionConfigurationPlatforms) = preSolution
		Debug|Any CPU = Debug|Any CPU
		Release|Any CPU = Release|Any CPU
	EndGlobalSection
	GlobalSection(ProjectConfigurationPlatforms) = postSolution
		{F2FDD885-94A5-43D1-B2A6-AC35545F64D4}.Debug|Any CPU.ActiveCfg = Debug|Any CPU
		{F2FDD885-94A5-43D1-B2A6-AC35545F64D4}.Debug|Any CPU.Build.0 = Debug|Any CPU
		{F2FDD885-94A5-43D1-B2A6-AC35545F64D4}.Release|Any CPU.ActiveCfg = Release|Any CPU
		{F2FDD885-94A5-43D1-B2A6-AC35545F64D4}.Release|Any CPU.Build.0 = Release|Any CPU
		{2A9D6C50-1765-40E3-1F55-5193126DAC70}.Debug|Any CPU.ActiveCfg = Debug|Any CPU
		{2A9D6C50-1765-40E3-1F55-5193126DAC70}.Debug|Any CPU.Build.0 = Debug|Any CPU
		{2A9D6C50-1765-40E3-1F55-5193126DAC70}.Debug|Any CPU.Deploy.0 = Debug|Any CPU
		{2A9D6C50-1765-40E3-1F55-5193126DAC70}.Release|Any CPU.ActiveCfg = Release|Any CPU
		{2A9D6C50-1765-40E3-1F55-5193126DAC70}.Release|Any CPU.Build.0 = Release|Any CPU
		{2A9D6C50-1765-40E3-1F55-5193126DAC70}.Release|Any CPU.Deploy.0 = Release|Any CPU
	EndGlobalSection
	GlobalSection(SolutionProperties) = preSolution
		HideSolutionNode = FALSE
	EndGlobalSection
	GlobalSection(ExtensibilityGlobals) = postSolution
		SolutionGuid = {EB272FA2-9CCB-4CA9-8622-2E349A6A1874}
	EndGlobalSection
EndGlobal
